
Microsoft Visual Studio Solution File, Format Version 12.00
# Visual Studio Version 17
VisualStudioVersion = 17.9.34728.123
MinimumVisualStudioVersion = 10.0.40219.1
Project("{FAE04EC0-301F-11D3-BF4B-00C04F79EFBC}") = "MAP-P5 Definitivo", "MAP-P5 Definitivo\MAP-P5 Definitivo.csproj", "{927B0B5D-CEFC-4FFB-B1F7-D9C83B990B2E}"
EndProject
Global
	GlobalSection(SolutionConfigurationPlatforms) = preSolution
		Debug|Any CPU = Debug|Any CPU
		Release|Any CPU = Release|Any CPU
	EndGlobalSection
	GlobalSection(ProjectConfigurationPlatforms) = postSolution
		{927B0B5D-CEFC-4FFB-B1F7-D9C83B990B2E}.Debug|Any CPU.ActiveCfg = Debug|Any CPU
		{927B0B5D-CEFC-4FFB-B1F7-D9C83B990B2E}.Debug|Any CPU.Build.0 = Debug|Any CPU
		{927B0B5D-CEFC-4FFB-B1F7-D9C83B990B2E}.Release|Any CPU.ActiveCfg = Release|Any CPU
		{927B0B5D-CEFC-4FFB-B1F7-D9C83B990B2E}.Release|Any CPU.Build.0 = Release|Any CPU
	EndGlobalSection
	GlobalSection(SolutionProperties) = preSolution
		HideSolutionNode = FALSE
	EndGlobalSection
	GlobalSection(ExtensibilityGlobals) = postSolution
		SolutionGuid = {DAC9415C-6D5F-4C38-BA88-6BC46CA6F4A6}
	EndGlobalSection
EndGlobal
